
Microsoft Visual Studio Solution File, Format Version 12.00
# Visual Studio 15
VisualStudioVersion = 15.0.26228.57
MinimumVisualStudioVersion = 10.0.40219.1
Project("{FAE04EC0-301F-11D3-BF4B-00C04F79EFBC}") = "BuildView.App", "BuildView.App\BuildView.App.csproj", "{5992D99E-5596-447E-85E6-3A554D3F7AB4}"
EndProject
Project("{FAE04EC0-301F-11D3-BF4B-00C04F79EFBC}") = "BuildView.Model", "BuildView.Model\BuildView.Model.csproj", "{62951C77-14A2-4339-8450-61A3D4CF8835}"
EndProject
Project("{FAE04EC0-301F-11D3-BF4B-00C04F79EFBC}") = "BuildView.Jenkins", "BuildView.Jenkins\BuildView.Jenkins.csproj", "{FA203376-7548-4D41-8724-4A13CF153F8F}"
EndProject
Global
	GlobalSection(SolutionConfigurationPlatforms) = preSolution
		Debug|Any CPU = Debug|Any CPU
		Release|Any CPU = Release|Any CPU
	EndGlobalSection
	GlobalSection(ProjectConfigurationPlatforms) = postSolution
		{5992D99E-5596-447E-85E6-3A554D3F7AB4}.Debug|Any CPU.ActiveCfg = Debug|Any CPU
		{5992D99E-5596-447E-85E6-3A554D3F7AB4}.Debug|Any CPU.Build.0 = Debug|Any CPU
		{5992D99E-5596-447E-85E6-3A554D3F7AB4}.Release|Any CPU.ActiveCfg = Release|Any CPU
		{5992D99E-5596-447E-85E6-3A554D3F7AB4}.Release|Any CPU.Build.0 = Release|Any CPU
		{62951C77-14A2-4339-8450-61A3D4CF8835}.Debug|Any CPU.ActiveCfg = Debug|Any CPU
		{62951C77-14A2-4339-8450-61A3D4CF8835}.Debug|Any CPU.Build.0 = Debug|Any CPU
		{62951C77-14A2-4339-8450-61A3D4CF8835}.Release|Any CPU.ActiveCfg = Release|Any CPU
		{62951C77-14A2-4339-8450-61A3D4CF8835}.Release|Any CPU.Build.0 = Release|Any CPU
		{FA203376-7548-4D41-8724-4A13CF153F8F}.Debug|Any CPU.ActiveCfg = Debug|Any CPU
		{FA203376-7548-4D41-8724-4A13CF153F8F}.Debug|Any CPU.Build.0 = Debug|Any CPU
		{FA203376-7548-4D41-8724-4A13CF153F8F}.Release|Any CPU.ActiveCfg = Release|Any CPU
		{FA203376-7548-4D41-8724-4A13CF153F8F}.Release|Any CPU.Build.0 = Release|Any CPU
	EndGlobalSection
	GlobalSection(SolutionProperties) = preSolution
		HideSolutionNode = FALSE
	EndGlobalSection
EndGlobal
